{
  "name": "responsive_menu",
  "requires": true,
  "lockfileVersion": 1,
  "dependencies": {
    "jquery": {
      "version": "3.5.1",
      "resolved": "https://registry.npmjs.org/jquery/-/jquery-3.5.1.tgz",
      "integrity": "sha512-XwIBPqcMn57FxfT+Go5pzySnm4KWkT1Tv7gjrpT1srtf8Weynl6R273VJ5GjkRb51IzMp5nbaPjJXMWeju2MKg=="
    },
    "mmenu-js": {
      "version": "8.5.20",
      "resolved": "https://registry.npmjs.org/mmenu-js/-/mmenu-js-8.5.20.tgz",
      "integrity": "sha512-bnjsPYhfGrZnfWPW37lgqbWDcBilRxKjjQwFvRa8Ho3cS5R7Lz0NfBxmajFDsNZjPgLAL2ObNGvhVIF04+4ZYQ=="
    },
    "superfish": {
      "version": "1.7.10",
      "resolved": "https://registry.npmjs.org/superfish/-/superfish-1.7.10.tgz",
      "integrity": "sha512-4O2ySFEtu9AEmYy4gkRl2ifHPwzR1RSQBTpFedpR2nv8qxhx3lEdotHvxKGApHdjmffJuB/Oj5wflHJh1bnMIw==",
      "requires": {
        "jquery": ">=1.8"
      }
    }
  }
}
