uuid: 2281ad38-3c19-479b-8adf-a5b62a5274f6
langcode: en
status: false
dependencies:
  module:
    - iied_utils
  theme:
    - iied_tw
id: headersearchblock
theme: iied_tw
region: navbar_branding
weight: -12
provider: null
plugin: header_search_block
settings:
  id: header_search_block
  label: 'Header search block'
  label_display: '0'
  provider: iied_utils
visibility: {  }
