uuid: 61734e53-4371-43af-a01e-3f97f973b13b
langcode: en
status: true
dependencies:
  content:
    - 'file:file:88b92548-961a-4801-9787-37e4abd765d4'
id: logo_block
label: 'Logo block'
icon_uuid: 88b92548-961a-4801-9787-37e4abd765d4
icon_default: 'data:image/png;base64,iVBORw0KGgoAAAANSUhEUgAAAJYAAABlCAYAAACvBxpVAAAACXBIWXMAAAsSAAALEgHS3X78AAAHsUlEQVR4nO2dzXHbSBCFZ7f2LmZgbgRSBsIeeLYcgeQIzD3wLPrMg+kIJGVgn3lYKAJTEVjMQIxAW+N9zW2NQPxOA4PS+6pYlimQjZl5aMwfnn57fn52hMTmd9YosYDCIiZQWMQECouYQGEREygsYgKFRUygsIgJFBYxgcIiJlBYxAQKi5hAYRETKCxiAoVFTKCwiAkUFjGBwiImUFjEBAqLmEBhERMoLGIChUVMoLCICaMS1iZbnW2y1WSg2FP/Gij2xJd9iNhtGY2wNtkqc879cM5tB4g9RdztQOLysX+gDkbBmDLWEv++22SrqwFin+C1rHF8NFDWd+o8RsEohIUr9Vy91VsFI0Ndqrcue85auqznY8laY8lYUrl3zrldz1lLYt/j5foStspWO5S9t9hdSV5YQbZaqoo1r2AMFC4KYl/0NIjQZZWfR5G1xpCxDtlqli8eZ/ni1jm37ylrzdGvup/li9y/kLVO8DszdLbyZfZlH1PW+iOBc5DM4IfTU7z8z5OSftXaOXftnLvZZKs1Rk2PePnGf5rli9qjR2SAonM4KYjtf/7Hx99kq3kQe4vYeYPYUtbsSOzbIPYlstYzRP4UnsMsXzzVjW9FEsZrm2z1pCqyiL9n+WKtjvcN8S0QXsjXWb6ozCqbbOUb5bTkEJ8pX2TGTba6DTr0IQ+zfFE574SL4lPJIV44F1ooEPOXks/sZ/likLk+TRIZC1eaNO53ZJ1fVyFuAS9ARf/qZwRX/IX6nrpXbaPY7r/4XmhXGB1KhvHx36vvrIM+xwdcLKUZFxfYOkJsU1LJWBNU6Cn6T1mTW5n7v09yg/++yjLGsc/wHScQSFb3dhRkv4/oQ/YS25IkOu8qAz2ggvImSxhtRRUpdqeGxblKp/ymyYAkVVG5lEaFbRu4i6gqYlcO6XFM54ZtI66UReVSm24oaOB12fG4jXUSVUHsO8T+VuNj33DsXdeGLRBXVQd8naqoXIrzWKigxnNEXUQVxG4zR7SM0bAtyzBPTVQu4QlSuQ2VdqJRob7D7SJuK5HvqdOBl2OixFZl2NcQi8ROchY+lemGEKngw9AZw+srDNFvVcVvMZ81jbSl5pWwcFuSbFIU+6zmrbMKWdwuij1BbKkT+TfJfVqpCutQwajYdTAhOd9kqyWG5rEb9yBqxJ6rpR3PEhOba4PGfSFqdOKXatuMn+2/w/mI+AbZfFhFqrdCmbC8QOOJqO5ldwM6uI+qMWI1rjRUhtjXqpMsg4pr/C4LPtOVQ1lQthu1u0F2VlwitiyOl60aDEZywgr6Sp9kEdg599csX/jRj2/Ej7IQrZZ1YjWuNNR7xN5h4vIMyzQf8d6Jmu2O1bhShnOUbY/YU192XwdqEfywFJTituUUM5YeZu+UoA4Lu7gF+kb4LJ33GMIKhvg71aiH2XDsNJgqgRV9ti1Shj3KFsbOlcB2Ksbga4MhSf71L99/wlpd5fKG6tw+NV0OOfJ98ybfhX7QRC+Sd4itO+mVUwg43osvuW00/LNyxAQ+V0hMoLCICRQWMYHCIiZQWMQECouYMDZTkOmApiCTgWMnuSZ4jLGZgvzErsm+Y0/k8aqBxOXL/JOmIDbI7PLpAKYgc2UKYvqgagjKKmuRNAWJycCmIJNATPOesxZNQQyRyv3e4+P1wlztsOjl8XpBPWa/R9kdTUEigU6rZKu5esCiL1MQEZE25ugra0m8tTqP8zF05EdnCoJKfkumIL6s67GZgiSzuyF4VF4bdMi23D9lvze21Vzj/Qfsg8+VQUYjY4zgcXV9DtJpPjyhHDzHWBT76KP5R2JLWY/F/izbYnCeP/H+ThuRtDFDsSSVR+yrjDk+6z1HwWPxx4hlCnKPzXX6M3mFIUksU5BXzwwGF1Xr2Nak8jCF7jN8l6yDq//VFYiKPiuwP9J+nW1MQe6VKchROyIRWmB/pEeubUxBdrAsKrUjwgW2RIafqmwn26ST6H+lkrE6Py7+hk1BOp+/BamYgmxxxe9RQXmTUdcbNgVJUlQuMVOQrWrgUyyfDGkKUid2FGOODqYgcht/SElULkFTkG3QwKXDaiNTkIcWpiCdjTlamIIsg9jJiMqNwBSk9u0woimIfE+d2HLM1QCmIBKbpiANkOF96egqMAWJNRqSBmtiChJlFl6VoY4piNQNTUEaUGaOET7zp01BYvhvvnK6qWEKkkXazvOq3O7484ZbjCaTXN4ZiynIC2MOTBKGpiCxG1dm+eeqP+Mwh7TEA6qPwWe68kLUBaYg2pCEpiAtkInGiwJjjr0yBdmqio3t+DKFMccX5eEgng1f8DvL2FtlCrIvMCQRU5CyFYDBGIspiG/QD1iq0J4NpwYzzjIL/0k5vYiHg/ZseKeWY2KbgrxXc1Pi4eDL/kGJm6YgDTlmzPFr+O/7GFjWCE1BOjduMACQRj0LTUGQWXTsWIMHKYMW1MGG0tdBkSEJTUFq0tAURNYIax1f4/tkqqPSmEN36iOagkwD577K42kKQt4MfK6QmEBhERMoLGIChUVMoLCICRQWMYHCIiZQWMQECouYQGEREygsYgKFRUygsIgJFBYxgcIiJlBYxAQKi5hAYRETKCxiAoVFTKCwiAkUFjGBwiImUFgkPs65fwE3WwyAlmEbbwAAAABJRU5ErkJggg=='
description: 'Add series of partner logos'
behavior_plugins: {  }
