uuid: f22cc09c-1a23-4116-bbf1-204920a2b367
langcode: en
status: true
dependencies:
  content:
    - 'file:file:8c769d54-7ce2-47ec-8299-3793753d3613'
_core:
  default_config_hash: Mj3XTLQvBmLL1NQ3jgO2-RPqokXfkQvumjDAf_Zc-_E
id: stories_block
label: Block
icon_uuid: 8c769d54-7ce2-47ec-8299-3793753d3613
icon_default: 'data:image/png;base64,iVBORw0KGgoAAAANSUhEUgAAAJYAAABlCAYAAACvBxpVAAAACXBIWXMAAAsSAAALEgHS3X78AAAKBElEQVR4nGL8//8/wygYBVQFDAwMAAAAAP//YhoN0VFAdcDAwAAAAAD//xpNWKOA+oCBgQEAAAD//xpNWKOA+oCBgQEAAAD//xpNWKOA+oCBgQEAAAD//xpNWKOA+oCBgQEAAAD//xpNWKOA+oCBgQEAAAD//xpNWKOA+oCBgQEAAAD//xpNWKOA+oCBgQEAAAD//xpNWKOA+oCBgQEAAAD//xpNWKOA+oCBgQEAAAD//xpNWKOA+oCBgQEAAAD//xpNWKOA+oCBgQEAAAD//xpNWKOA+oCBgQEAAAD//2IZDVb8YLdDtwIDA0MCAwNDLAMDw3MGBoYe1wOlGwazmwccMDAwAAAAAP//Gl02gwNAE1QDAwNDPBYVD0FyrgdKFwwKxw42wMDAAAAAAP//Gk1YaGC3Q7cDtIRCTlAHQSUVAwODCQMDQwEDAwM/VByUwCYwMDAscD1Q+mHAHT9YAAMDAwAAAP//Gk1YUABNUKASyh5JeCMo4bgeKD2ApE4AmrhAiU8eKvwRmsAmjCYwBgYGBgYGAAAAAP//GvEJa7dDdwI0oegjCS+EVnUPiNDbgJbAQO0vgnqHNWBgYAAAAAD//xqxCQtHolgALXVIShRQsxLQSjtQ4gSZdYG6Lh8CgIGBAQAAAP//GlEJC6kaQ24nUa0aw1GdgtpnoBIMXp0Oe8DAwAAAAAD//xoRCQtpyAC94Q1KBBuo3S7C0aMEJTBQI3/49yQZGBgAAAAA//8a1gkLRwTTbagAyf4A9AQ9rBMYAwMDAAAA//8algkLz5DBgFRJOKpgUAKDtemGV0+SgYEBAAAA//8aVgmL2CGDgQLQBAarktGHKkDV5PDoSTIwMAAAAAD//xoWCYuSIYOBAlh6pYPezUQDBgYGAAAAAP//GtIJi5pDBgMFcJSyoAQGKsGGZk+SgYEBAAAA//8acgmL1kMGAwWgCQzkJ38kJwzNoQoGBgYAAAAA//8aUgkLmqge0GPIYKAAjp7sRWimGRo9SQYGBgAAAAD//xpqCcsAOmXCMNy77NAEBpuTHFpDFQwMDAAAAAD//xr0CWu3Q/c1BgYGNQYGhilDqe1ELYBU9RcxMDDwQs396HqgFCQ+OAEDAwMAAAD//xoKK0g1GRgYmBkYGPIZGBju73boXgAtuUYKAPkVVHrBEhUIwEqwwQkYGBgAAAAA//8aSkuTD0JpUNvj/G6H7gPQBu+wBLsdugNAfmRgYNiP1N6ChcHgBgwMDAAAAAD//xoyCcv1QCkoERlCu+IM0O75/t0O3Regww7DAoD8stuhG1Tdr0caggD5WREaBoMfMDAwAAAAAP//GlJr3qFLUEAB34DUsAUNis6Hig3JHiKBIZShNyLPwMAAAAAA//8akpspoAFdgJTAYFMk80GRsduhe0iMaeGbpB7SQygMDAwAAAAA//8aCr1CsANdD5QyElA3ZKZI8AyGElxWQ2x4DChgYGAAAAAA//8aNtu/oBGyAG01J6jRG7/boXtQTJHgWGk6aCbJqQYYGBgAAAAA//8advsKkRIYcqkAS2B0nyKBtp9AVd2wnXDGAAwMDAAAAAD//xq2G1ahiecA2hQJrCdJ8xHs4TqnSRRgYGAAAAAA//8a9juhoSUCrCeJvBYK1pOk6r5AfKtWh9OcJl7AwMAAAAAA//8aMVvsoQmsAdpjRN4X2I8kTnbXnpIG+bADDAwMAAAAAP//Gja9QjLNprgniWfrF006C0OiV8jAwAAAAAD//xrRh4IgNfQDoKUNck8SZ28NzxLj0c2qIMDAwAAAAAD//xo9bQaSwEAJYgPaJgxQleYP7UmCEtgGHNvIRrfXowMGBgYAAAAA//8aTVhIAKkn2YDWk7Tf7dD9EW1VweiJM7gAAwMDAAAA//8aTVhYAFJPsgDLkAG8BBtUjh5MgIGBAQAAAP//Gk1YeAC0aoP1GHUZGBg+j9SzGEgCDAwMAAAAAP//Gj0qkggATWDKo4mKSMDAwAAAAAD//xpNWEQAaJU4H0qPAkKAgYEBAAAA//8aTVjEAdj68kG9znzQAAYGBgAAAAD//xpNWKOA+oCBgQEAAAD//xpNWKOA+oCBgQEAAAD//xpNWKOA+oCBgQEAAAD//xpNWKOA+oCBgQEAAAD//xpNWKOA+oCBgQEAAAD//xpNWKOA+oCBgQEAAAD//xpNWKOA+oCBgQEAAAD//xpNWKOA+oCBgQEAAAD//xpNWKOA+oCBgQEAAAD//xpNWKOA+oCBgQEAAAD//xpNWKOA+oCBgQEAAAD//xpNWKOA+oCBgQEAAAD//xpNWKOA+oCBgQEAAAD//xpNWKOA+oCBgQEAAAD//xpNWKOA+oCBgQEAAAD//xpNWKOA+oCBgQEAAAD//xpNWKOA+oCBgQEAAAD//xoyCQu6p29EgyETBgwMDAAAAAD//xoKu3Rg+/nuQ8+5GnE7jbHcZgYKk8ELGBgYAAAAAP//Ggollh0DA8NaKDsemsCG9YnJMADyI5aTk0FhAQqTwQsYGBgAAAAA//8a9CWW64HSSwwMDCE4zrkaltfi4rm4aWiU1gwMDAAAAAD//xoyG1bRzrkalgkMz8k1Q6v6Z2BgAAAAAP//GnI7oYdjAsNxPd7QvRyTgYEBAAAA//8aslvsh0MCw5OghvbJNQwMDAAAAAD//xryZzfgOAoSlsAG3XVsOA67HV5HITEwMAAAAAD//xpOx3GjHwVZgH5rxUAmMDwXjlP1DNRBARgYGAAAAAD//xqOx3F/wJLA5AcqgeFJUMP3bC0GBgYAAAAA//8azsdxD2gCG6kJCgwYGBgAAAAA//8aCcdx0zWBDZerdykCDAwMAAAAAP//GknHcSMnMKqf944jQQ3LAVyCgIGBAQAAAP//GnEn+kETzgToLWHI3X3k896J7p2NJigsgIGBAQAAAP//Gj2OG3GxEyyB1UOvrMObwHBMuwzLC5dIBgwMDAAAAAD//xpSt9jTGuAZsORgYGAoZ2BgaASdqjzU5/FoDhgYGAAAAAD//xpNWFgAlgT2k4GBgZ2BgeExAwODLJKO0QSFDTAwMAAAAAD//xpNWHgAjklhhtEERQAwMDAAAAAA//8aTVhEAGh7ajIDA8N2BgaGttEbKAgABgYGAAAAAP//Gk1Yo4D6gIGBAQAAAP//Gt1MMQqoDxgYGAAAAAD//xpNWKOA+oCBgQEAAAD//xpNWKOA+oCBgQEAAAD//xpNWKOA+oCBgQEAAAD//xpNWKOA+oCBgQEAAAD//xpNWKOA+oCBgQEAAAD//xpNWKOA+oCBgQEAAAD//xpNWKOA+oCBgQEAAAD//xpNWKOA+oCBgQEAAAD//xpNWKOA+oCBgQEAAAD//xpNWKOA+oCBgQEAAAD//xpNWKOA+oCBgQEAAAD//xpNWKOA+oCBgQEAAAD//wMACs8vzQG7RrQAAAAASUVORK5CYII='
description: ''
behavior_plugins: {  }
